PODS:
  - desktop_drop (0.0.1):
    - FlutterMacOS
  - dynamic_color (0.0.2):
    - FlutterMacOS
  - FlutterMacOS (1.0.0)
  - mobile_scanner (0.0.1):
    - FlutterMacOS
  - package_info_plus (0.0.1):
    - FlutterMacOS
  - path_provider_macos (0.0.1):
    - FlutterMacOS
  - Sodium (0.9.1)
  - sodium_libs (1.2.0):
    - FlutterMacOS
    - Sodium
  - url_launcher_macos (0.0.1):
    - FlutterMacOS
  - wakelock_macos (0.0.1):
    - FlutterMacOS

DEPENDENCIES:
  - desktop_drop (from `Flutter/ephemeral/.symlinks/plugins/desktop_drop/macos`)
  - dynamic_color (from `Flutter/ephemeral/.symlinks/plugins/dynamic_color/macos`)
  - FlutterMacOS (from `Flutter/ephemeral`)
  - mobile_scanner (from `Flutter/ephemeral/.symlinks/plugins/mobile_scanner/macos`)
  - package_info_plus (from `Flutter/ephemeral/.symlinks/plugins/package_info_plus/macos`)
  - path_provider_macos (from `Flutter/ephemeral/.symlinks/plugins/path_provider_macos/macos`)
  - sodium_libs (from `Flutter/ephemeral/.symlinks/plugins/sodium_libs/macos`)
  - url_launcher_macos (from `Flutter/ephemeral/.symlinks/plugins/url_launcher_macos/macos`)
  - wakelock_macos (from `Flutter/ephemeral/.symlinks/plugins/wakelock_macos/macos`)

SPEC REPOS:
  trunk:
    - Sodium

EXTERNAL SOURCES:
  desktop_drop:
    :path: Flutter/ephemeral/.symlinks/plugins/desktop_drop/macos
  dynamic_color:
    :path: Flutter/ephemeral/.symlinks/plugins/dynamic_color/macos
  FlutterMacOS:
    :path: Flutter/ephemeral
  mobile_scanner:
    :path: Flutter/ephemeral/.symlinks/plugins/mobile_scanner/macos
  package_info_plus:
    :path: Flutter/ephemeral/.symlinks/plugins/package_info_plus/macos
  path_provider_macos:
    :path: Flutter/ephemeral/.symlinks/plugins/path_provider_macos/macos
  sodium_libs:
    :path: Flutter/ephemeral/.symlinks/plugins/sodium_libs/macos
  url_launcher_macos:
    :path: Flutter/ephemeral/.symlinks/plugins/url_launcher_macos/macos
  wakelock_macos:
    :path: Flutter/ephemeral/.symlinks/plugins/wakelock_macos/macos

SPEC CHECKSUMS:
  desktop_drop: 69eeff437544aa619c8db7f4481b3a65f7696898
  dynamic_color: 394d6a888650f8534e029b27d2f8bc5c64e44008
  FlutterMacOS: ae6af50a8ea7d6103d888583d46bd8328a7e9811
  mobile_scanner: 35dc92ffdbd7934b0dbc411b1c731bc2ef23c2dc
  package_info_plus: 02d7a575e80f194102bef286361c6c326e4c29ce
  path_provider_macos: 3c0c3b4b0d4a76d2bf989a913c2de869c5641a19
  Sodium: 23d11554ecd556196d313cf6130d406dfe7ac6da
  sodium_libs: f6ceec5c5f48fb59fc88a8513e9d3f92a7ae92f7
  url_launcher_macos: 597e05b8e514239626bcf4a850fcf9ef5c856ec3
  wakelock_macos: bc3f2a9bd8d2e6c89fee1e1822e7ddac3bd004a9

PODFILE CHECKSUM: 0d3963a09fc94f580682bd88480486da345dc3f0

COCOAPODS: 1.11.3
